
Microsoft Visual Studio Solution File, Format Version 12.00
# Visual Studio 15
VisualStudioVersion = 15.0.27428.2037
MinimumVisualStudioVersion = 10.0.40219.1
Project("{FAE04EC0-301F-11D3-BF4B-00C04F79EFBC}") = "WrapPanel", "WrapPanel\WrapPanel.csproj", "{D4F1BFAD-9096-40B9-8A70-797DC9C87FD6}"
EndProject
Global
	GlobalSection(SolutionConfigurationPlatforms) = preSolution
		Debug|Any CPU = Debug|Any CPU
		Release|Any CPU = Release|Any CPU
	EndGlobalSection
	GlobalSection(ProjectConfigurationPlatforms) = postSolution
		{D4F1BFAD-9096-40B9-8A70-797DC9C87FD6}.Debug|Any CPU.ActiveCfg = Debug|Any CPU
		{D4F1BFAD-9096-40B9-8A70-797DC9C87FD6}.Debug|Any CPU.Build.0 = Debug|Any CPU
		{D4F1BFAD-9096-40B9-8A70-797DC9C87FD6}.Release|Any CPU.ActiveCfg = Release|Any CPU
		{D4F1BFAD-9096-40B9-8A70-797DC9C87FD6}.Release|Any CPU.Build.0 = Release|Any CPU
	EndGlobalSection
	GlobalSection(SolutionProperties) = preSolution
		HideSolutionNode = FALSE
	EndGlobalSection
	GlobalSection(ExtensibilityGlobals) = postSolution
		SolutionGuid = {845260B4-0FE9-41E8-B56E-3F9136F8A143}
	EndGlobalSection
EndGlobal
